// !$*UTF8*$!
{
	archiveVersion = 1;
	classes = {
	};
	objectVersion = 56;
	objects = {

/* Begin PBXBuildFile section */
		B13055432B6D946C00E89745 /* AppDelegate.swift in Sources */ = {isa = PBXBuildFile; fileRef = B13055422B6D946C00E89745 /* AppDelegate.swift */; };
		B13055472B6D946C00E89745 /* LoginViewController.swift in Sources */ = {isa = PBXBuildFile; fileRef = B13055462B6D946C00E89745 /* LoginViewController.swift */; };
		B130554A2B6D946C00E89745 /* Authentication.storyboard in Resources */ = {isa = PBXBuildFile; fileRef = B13055482B6D946C00E89745 /* Authentication.storyboard */; };
		B130554C2B6D946D00E89745 /* Assets.xcassets in Resources */ = {isa = PBXBuildFile; fileRef = B130554B2B6D946D00E89745 /* Assets.xcassets */; };
		B130554F2B6D946D00E89745 /* LaunchScreen.storyboard in Resources */ = {isa = PBXBuildFile; fileRef = B130554D2B6D946D00E89745 /* LaunchScreen.storyboard */; };
		B13055822B6D99FE00E89745 /* AppCoordinator.swift in Sources */ = {isa = PBXBuildFile; fileRef = B13055812B6D99FE00E89745 /* AppCoordinator.swift */; };
		B13055842B6D9C6100E89745 /* Onboarding.storyboard in Resources */ = {isa = PBXBuildFile; fileRef = B13055832B6D9C6100E89745 /* Onboarding.storyboard */; };
		B13055862B6D9C8500E89745 /* OnboardingViewController.swift in Sources */ = {isa = PBXBuildFile; fileRef = B13055852B6D9C8500E89745 /* OnboardingViewController.swift */; };
		B130558C2B6DB42B00E89745 /* UIViewController+Extension.swift in Sources */ = {isa = PBXBuildFile; fileRef = B130558B2B6DB42B00E89745 /* UIViewController+Extension.swift */; };
		B130558E2B6DB48D00E89745 /* SignUpViewController.swift in Sources */ = {isa = PBXBuildFile; fileRef = B130558D2B6DB48D00E89745 /* SignUpViewController.swift */; };
		B13055902B6DB6B300E89745 /* OnboardingViewModel.swift in Sources */ = {isa = PBXBuildFile; fileRef = B130558F2B6DB6B300E89745 /* OnboardingViewModel.swift */; };
		B13055922B6DBA0400E89745 /* UIColor+Extension.swift in Sources */ = {isa = PBXBuildFile; fileRef = B13055912B6DBA0400E89745 /* UIColor+Extension.swift */; };
		B13055952B6DBE3400E89745 /* OnboardingCell.swift in Sources */ = {isa = PBXBuildFile; fileRef = B13055932B6DBE3400E89745 /* OnboardingCell.swift */; };
		B13055962B6DBE3400E89745 /* OnboardingCell.xib in Resources */ = {isa = PBXBuildFile; fileRef = B13055942B6DBE3400E89745 /* OnboardingCell.xib */; };
		B18E6C392B6E2F2E009F3B18 /* LoginViewModel.swift in Sources */ = {isa = PBXBuildFile; fileRef = B18E6C382B6E2F2E009F3B18 /* LoginViewModel.swift */; };
		B1E458052B6DE31500D780CA /* OnboardModel.swift in Sources */ = {isa = PBXBuildFile; fileRef = B1E458042B6DE31500D780CA /* OnboardModel.swift */; };
		B1E458072B6DE7E200D780CA /* OnboardingCellVM.swift in Sources */ = {isa = PBXBuildFile; fileRef = B1E458062B6DE7E200D780CA /* OnboardingCellVM.swift */; };
		B1E4580B2B6DE97F00D780CA /* BaseCellVM.swift in Sources */ = {isa = PBXBuildFile; fileRef = B1E4580A2B6DE97F00D780CA /* BaseCellVM.swift */; };
/* End PBXBuildFile section */

/* Begin PBXFileReference section */
		B130553F2B6D946C00E89745 /* CryptoApp.app */ = {isa = PBXFileReference; explicitFileType = wrapper.application; includeInIndex = 0; path = CryptoApp.app; sourceTree = BUILT_PRODUCTS_DIR; };
		B13055422B6D946C00E89745 /* AppDelegate.swift */ = {isa = PBXFileReference; lastKnownFileType = sourcecode.swift; path = AppDelegate.swift; sourceTree = "<group>"; };
		B13055462B6D946C00E89745 /* LoginViewController.swift */ = {isa = PBXFileReference; lastKnownFileType = sourcecode.swift; path = LoginViewController.swift; sourceTree = "<group>"; };
		B13055492B6D946C00E89745 /* Base */ = {isa = PBXFileReference; lastKnownFileType = file.storyboard; name = Base; path = Base.lproj/Authentication.storyboard; sourceTree = "<group>"; };
		B130554B2B6D946D00E89745 /* Assets.xcassets */ = {isa = PBXFileReference; lastKnownFileType = folder.assetcatalog; path = Assets.xcassets; sourceTree = "<group>"; };
		B130554E2B6D946D00E89745 /* Base */ = {isa = PBXFileReference; lastKnownFileType = file.storyboard; name = Base; path = Base.lproj/LaunchScreen.storyboard; sourceTree = "<group>"; };
		B13055502B6D946D00E89745 /* Info.plist */ = {isa = PBXFileReference; lastKnownFileType = text.plist.xml; path = Info.plist; sourceTree = "<group>"; };
		B13055812B6D99FE00E89745 /* AppCoordinator.swift */ = {isa = PBXFileReference; lastKnownFileType = sourcecode.swift; path = AppCoordinator.swift; sourceTree = "<group>"; };
		B13055832B6D9C6100E89745 /* Onboarding.storyboard */ = {isa = PBXFileReference; lastKnownFileType = file.storyboard; path = Onboarding.storyboard; sourceTree = "<group>"; };
		B13055852B6D9C8500E89745 /* OnboardingViewController.swift */ = {isa = PBXFileReference; lastKnownFileType = sourcecode.swift; path = OnboardingViewController.swift; sourceTree = "<group>"; };
		B130558B2B6DB42B00E89745 /* UIViewController+Extension.swift */ = {isa = PBXFileReference; lastKnownFileType = sourcecode.swift; path = "UIViewController+Extension.swift"; sourceTree = "<group>"; };
		B130558D2B6DB48D00E89745 /* SignUpViewController.swift */ = {isa = PBXFileReference; lastKnownFileType = sourcecode.swift; path = SignUpViewController.swift; sourceTree = "<group>"; };
		B130558F2B6DB6B300E89745 /* OnboardingViewModel.swift */ = {isa = PBXFileReference; lastKnownFileType = sourcecode.swift; path = OnboardingViewModel.swift; sourceTree = "<group>"; };
		B13055912B6DBA0400E89745 /* UIColor+Extension.swift */ = {isa = PBXFileReference; lastKnownFileType = sourcecode.swift; path = "UIColor+Extension.swift"; sourceTree = "<group>"; };
		B13055932B6DBE3400E89745 /* OnboardingCell.swift */ = {isa = PBXFileReference; lastKnownFileType = sourcecode.swift; path = OnboardingCell.swift; sourceTree = "<group>"; };
		B13055942B6DBE3400E89745 /* OnboardingCell.xib */ = {isa = PBXFileReference; lastKnownFileType = file.xib; path = OnboardingCell.xib; sourceTree = "<group>"; };
		B18E6C382B6E2F2E009F3B18 /* LoginViewModel.swift */ = {isa = PBXFileReference; lastKnownFileType = sourcecode.swift; path = LoginViewModel.swift; sourceTree = "<group>"; };
		B1E458042B6DE31500D780CA /* OnboardModel.swift */ = {isa = PBXFileReference; lastKnownFileType = sourcecode.swift; path = OnboardModel.swift; sourceTree = "<group>"; };
		B1E458062B6DE7E200D780CA /* OnboardingCellVM.swift */ = {isa = PBXFileReference; lastKnownFileType = sourcecode.swift; path = OnboardingCellVM.swift; sourceTree = "<group>"; };
		B1E4580A2B6DE97F00D780CA /* BaseCellVM.swift */ = {isa = PBXFileReference; lastKnownFileType = sourcecode.swift; path = BaseCellVM.swift; sourceTree = "<group>"; };
/* End PBXFileReference section */

/* Begin PBXFrameworksBuildPhase section */
		B130553C2B6D946C00E89745 /* Frameworks */ = {
			isa = PBXFrameworksBuildPhase;
			buildActionMask = 2147483647;
			files = (
			);
			runOnlyForDeploymentPostprocessing = 0;
		};
/* End PBXFrameworksBuildPhase section */

/* Begin PBXGroup section */
		B13055362B6D946C00E89745 = {
			isa = PBXGroup;
			children = (
				B13055412B6D946C00E89745 /* CryptoApp */,
				B13055402B6D946C00E89745 /* Products */,
			);
			sourceTree = "<group>";
		};
		B13055402B6D946C00E89745 /* Products */ = {
			isa = PBXGroup;
			children = (
				B130553F2B6D946C00E89745 /* CryptoApp.app */,
			);
			name = Products;
			sourceTree = "<group>";
		};
		B13055412B6D946C00E89745 /* CryptoApp */ = {
			isa = PBXGroup;
			children = (
				B13055562B6D961500E89745 /* App */,
				B13055572B6D961900E89745 /* Config */,
				B130555A2B6D962E00E89745 /* Resources */,
				B13055872B6DA00500E89745 /* Utilities */,
				B13055582B6D962000E89745 /* Managers */,
				B130555C2B6D968000E89745 /* Storyboards */,
				B130555B2B6D963600E89745 /* Modules */,
			);
			path = CryptoApp;
			sourceTree = "<group>";
		};
		B13055562B6D961500E89745 /* App */ = {
			isa = PBXGroup;
			children = (
				B13055422B6D946C00E89745 /* AppDelegate.swift */,
				B13055812B6D99FE00E89745 /* AppCoordinator.swift */,
			);
			path = App;
			sourceTree = "<group>";
		};
		B13055572B6D961900E89745 /* Config */ = {
			isa = PBXGroup;
			children = (
				B13055502B6D946D00E89745 /* Info.plist */,
			);
			path = Config;
			sourceTree = "<group>";
		};
		B13055582B6D962000E89745 /* Managers */ = {
			isa = PBXGroup;
			children = (
			);
			path = Managers;
			sourceTree = "<group>";
		};
		B13055592B6D962400E89745 /* Extensions */ = {
			isa = PBXGroup;
			children = (
				B130558B2B6DB42B00E89745 /* UIViewController+Extension.swift */,
				B13055912B6DBA0400E89745 /* UIColor+Extension.swift */,
			);
			path = Extensions;
			sourceTree = "<group>";
		};
		B130555A2B6D962E00E89745 /* Resources */ = {
			isa = PBXGroup;
			children = (
				B130554B2B6D946D00E89745 /* Assets.xcassets */,
			);
			path = Resources;
			sourceTree = "<group>";
		};
		B130555B2B6D963600E89745 /* Modules */ = {
			isa = PBXGroup;
			children = (
				B130557F2B6D98CA00E89745 /* Onboarding */,
				B130557D2B6D98AB00E89745 /* Login */,
				B130557E2B6D98C100E89745 /* SignUp */,
				B13055802B6D999900E89745 /* Home */,
			);
			path = Modules;
			sourceTree = "<group>";
		};
		B130555C2B6D968000E89745 /* Storyboards */ = {
			isa = PBXGroup;
			children = (
				B13055832B6D9C6100E89745 /* Onboarding.storyboard */,
				B13055482B6D946C00E89745 /* Authentication.storyboard */,
				B130554D2B6D946D00E89745 /* LaunchScreen.storyboard */,
			);
			path = Storyboards;
			sourceTree = "<group>";
		};
		B130557D2B6D98AB00E89745 /* Login */ = {
			isa = PBXGroup;
			children = (
				B18E6C352B6E2EF2009F3B18 /* Model */,
				B18E6C342B6E2EEC009F3B18 /* Views */,
				B18E6C372B6E2F05009F3B18 /* ViewModel */,
				B18E6C362B6E2F00009F3B18 /* Controller */,
			);
			path = Login;
			sourceTree = "<group>";
		};
		B130557E2B6D98C100E89745 /* SignUp */ = {
			isa = PBXGroup;
			children = (
				B130558D2B6DB48D00E89745 /* SignUpViewController.swift */,
			);
			path = SignUp;
			sourceTree = "<group>";
		};
		B130557F2B6D98CA00E89745 /* Onboarding */ = {
			isa = PBXGroup;
			children = (
				B1E458032B6DE2FB00D780CA /* Models */,
				B13055972B6DBE3700E89745 /* Views */,
				B1E4580C2B6E182800D780CA /* ViewModel */,
				B1E4580D2B6E182D00D780CA /* Controller */,
			);
			path = Onboarding;
			sourceTree = "<group>";
		};
		B13055802B6D999900E89745 /* Home */ = {
			isa = PBXGroup;
			children = (
			);
			path = Home;
			sourceTree = "<group>";
		};
		B13055872B6DA00500E89745 /* Utilities */ = {
			isa = PBXGroup;
			children = (
				B1E458092B6DE97800D780CA /* Helpers */,
				B13055592B6D962400E89745 /* Extensions */,
			);
			path = Utilities;
			sourceTree = "<group>";
		};
		B13055972B6DBE3700E89745 /* Views */ = {
			isa = PBXGroup;
			children = (
				B1E458082B6DE83700D780CA /* OnboardingCell */,
			);
			path = Views;
			sourceTree = "<group>";
		};
		B18E6C342B6E2EEC009F3B18 /* Views */ = {
			isa = PBXGroup;
			children = (
			);
			path = Views;
			sourceTree = "<group>";
		};
		B18E6C352B6E2EF2009F3B18 /* Model */ = {
			isa = PBXGroup;
			children = (
			);
			path = Model;
			sourceTree = "<group>";
		};
		B18E6C362B6E2F00009F3B18 /* Controller */ = {
			isa = PBXGroup;
			children = (
				B13055462B6D946C00E89745 /* LoginViewController.swift */,
			);
			path = Controller;
			sourceTree = "<group>";
		};
		B18E6C372B6E2F05009F3B18 /* ViewModel */ = {
			isa = PBXGroup;
			children = (
				B18E6C382B6E2F2E009F3B18 /* LoginViewModel.swift */,
			);
			path = ViewModel;
			sourceTree = "<group>";
		};
		B1E458032B6DE2FB00D780CA /* Models */ = {
			isa = PBXGroup;
			children = (
				B1E458042B6DE31500D780CA /* OnboardModel.swift */,
			);
			path = Models;
			sourceTree = "<group>";
		};
		B1E458082B6DE83700D780CA /* OnboardingCell */ = {
			isa = PBXGroup;
			children = (
				B1E458062B6DE7E200D780CA /* OnboardingCellVM.swift */,
				B13055932B6DBE3400E89745 /* OnboardingCell.swift */,
				B13055942B6DBE3400E89745 /* OnboardingCell.xib */,
			);
			path = OnboardingCell;
			sourceTree = "<group>";
		};
		B1E458092B6DE97800D780CA /* Helpers */ = {
			isa = PBXGroup;
			children = (
				B1E4580A2B6DE97F00D780CA /* BaseCellVM.swift */,
			);
			path = Helpers;
			sourceTree = "<group>";
		};
		B1E4580C2B6E182800D780CA /* ViewModel */ = {
			isa = PBXGroup;
			children = (
				B130558F2B6DB6B300E89745 /* OnboardingViewModel.swift */,
			);
			path = ViewModel;
			sourceTree = "<group>";
		};
		B1E4580D2B6E182D00D780CA /* Controller */ = {
			isa = PBXGroup;
			children = (
				B13055852B6D9C8500E89745 /* OnboardingViewController.swift */,
			);
			path = Controller;
			sourceTree = "<group>";
		};
/* End PBXGroup section */

/* Begin PBXNativeTarget section */
		B130553E2B6D946C00E89745 /* CryptoApp */ = {
			isa = PBXNativeTarget;
			buildConfigurationList = B13055532B6D946D00E89745 /* Build configuration list for PBXNativeTarget "CryptoApp" */;
			buildPhases = (
				B130553B2B6D946C00E89745 /* Sources */,
				B130553C2B6D946C00E89745 /* Frameworks */,
				B130553D2B6D946C00E89745 /* Resources */,
			);
			buildRules = (
			);
			dependencies = (
			);
			name = CryptoApp;
			productName = CryptoApp;
			productReference = B130553F2B6D946C00E89745 /* CryptoApp.app */;
			productType = "com.apple.product-type.application";
		};
/* End PBXNativeTarget section */

/* Begin PBXProject section */
		B13055372B6D946C00E89745 /* Project object */ = {
			isa = PBXProject;
			attributes = {
				BuildIndependentTargetsInParallel = 1;
				LastSwiftUpdateCheck = 1520;
				LastUpgradeCheck = 1520;
				TargetAttributes = {
					B130553E2B6D946C00E89745 = {
						CreatedOnToolsVersion = 15.2;
					};
				};
			};
			buildConfigurationList = B130553A2B6D946C00E89745 /* Build configuration list for PBXProject "CryptoApp" */;
			compatibilityVersion = "Xcode 14.0";
			developmentRegion = en;
			hasScannedForEncodings = 0;
			knownRegions = (
				en,
				Base,
			);
			mainGroup = B13055362B6D946C00E89745;
			productRefGroup = B13055402B6D946C00E89745 /* Products */;
			projectDirPath = "";
			projectRoot = "";
			targets = (
				B130553E2B6D946C00E89745 /* CryptoApp */,
			);
		};
/* End PBXProject section */

/* Begin PBXResourcesBuildPhase section */
		B130553D2B6D946C00E89745 /* Resources */ = {
			isa = PBXResourcesBuildPhase;
			buildActionMask = 2147483647;
			files = (
				B130554F2B6D946D00E89745 /* LaunchScreen.storyboard in Resources */,
				B130554C2B6D946D00E89745 /* Assets.xcassets in Resources */,
				B130554A2B6D946C00E89745 /* Authentication.storyboard in Resources */,
				B13055962B6DBE3400E89745 /* OnboardingCell.xib in Resources */,
				B13055842B6D9C6100E89745 /* Onboarding.storyboard in Resources */,
			);
			runOnlyForDeploymentPostprocessing = 0;
		};
/* End PBXResourcesBuildPhase section */

/* Begin PBXSourcesBuildPhase section */
		B130553B2B6D946C00E89745 /* Sources */ = {
			isa = PBXSourcesBuildPhase;
			buildActionMask = 2147483647;
			files = (
				B130558E2B6DB48D00E89745 /* SignUpViewController.swift in Sources */,
				B1E458052B6DE31500D780CA /* OnboardModel.swift in Sources */,
				B13055822B6D99FE00E89745 /* AppCoordinator.swift in Sources */,
				B13055472B6D946C00E89745 /* LoginViewController.swift in Sources */,
				B13055432B6D946C00E89745 /* AppDelegate.swift in Sources */,
				B1E458072B6DE7E200D780CA /* OnboardingCellVM.swift in Sources */,
				B130558C2B6DB42B00E89745 /* UIViewController+Extension.swift in Sources */,
				B13055952B6DBE3400E89745 /* OnboardingCell.swift in Sources */,
				B18E6C392B6E2F2E009F3B18 /* LoginViewModel.swift in Sources */,
				B13055902B6DB6B300E89745 /* OnboardingViewModel.swift in Sources */,
				B1E4580B2B6DE97F00D780CA /* BaseCellVM.swift in Sources */,
				B13055862B6D9C8500E89745 /* OnboardingViewController.swift in Sources */,
				B13055922B6DBA0400E89745 /* UIColor+Extension.swift in Sources */,
			);
			runOnlyForDeploymentPostprocessing = 0;
		};
/* End PBXSourcesBuildPhase section */

/* Begin PBXVariantGroup section */
		B13055482B6D946C00E89745 /* Authentication.storyboard */ = {
			isa = PBXVariantGroup;
			children = (
				B13055492B6D946C00E89745 /* Base */,
			);
			name = Authentication.storyboard;
			sourceTree = "<group>";
		};
		B130554D2B6D946D00E89745 /* LaunchScreen.storyboard */ = {
			isa = PBXVariantGroup;
			children = (
				B130554E2B6D946D00E89745 /* Base */,
			);
			name = LaunchScreen.storyboard;
			sourceTree = "<group>";
		};
/* End PBXVariantGroup section */

/* Begin XCBuildConfiguration section */
		B13055512B6D946D00E89745 /* Debug */ = {
			isa = XCBuildConfiguration;
			buildSettings = {
				ALWAYS_SEARCH_USER_PATHS = NO;
				ASSETCATALOG_COMPILER_GENERATE_SWIFT_ASSET_SYMBOL_EXTENSIONS = YES;
				CLANG_ANALYZER_NONNULL = YES;
				CLANG_ANALYZER_NUMBER_OBJECT_CONVERSION = YES_AGGRESSIVE;
				CLANG_CXX_LANGUAGE_STANDARD = "gnu++20";
				CLANG_ENABLE_MODULES = YES;
				CLANG_ENABLE_OBJC_ARC = YES;
				CLANG_ENABLE_OBJC_WEAK = YES;
				CLANG_WARN_BLOCK_CAPTURE_AUTORELEASING = YES;
				CLANG_WARN_BOOL_CONVERSION = YES;
				CLANG_WARN_COMMA = YES;
				CLANG_WARN_CONSTANT_CONVERSION = YES;
				CLANG_WARN_DEPRECATED_OBJC_IMPLEMENTATIONS = YES;
				CLANG_WARN_DIRECT_OBJC_ISA_USAGE = YES_ERROR;
				CLANG_WARN_DOCUMENTATION_COMMENTS = YES;
				CLANG_WARN_EMPTY_BODY = YES;
				CLANG_WARN_ENUM_CONVERSION = YES;
				CLANG_WARN_INFINITE_RECURSION = YES;
				CLANG_WARN_INT_CONVERSION = YES;
				CLANG_WARN_NON_LITERAL_NULL_CONVERSION = YES;
				CLANG_WARN_OBJC_IMPLICIT_RETAIN_SELF = YES;
				CLANG_WARN_OBJC_LITERAL_CONVERSION = YES;
				CLANG_WARN_OBJC_ROOT_CLASS = YES_ERROR;
				CLANG_WARN_QUOTED_INCLUDE_IN_FRAMEWORK_HEADER = YES;
				CLANG_WARN_RANGE_LOOP_ANALYSIS = YES;
				CLANG_WARN_STRICT_PROTOTYPES = YES;
				CLANG_WARN_SUSPICIOUS_MOVE = YES;
				CLANG_WARN_UNGUARDED_AVAILABILITY = YES_AGGRESSIVE;
				CLANG_WARN_UNREACHABLE_CODE = YES;
				CLANG_WARN__DUPLICATE_METHOD_MATCH = YES;
				COPY_PHASE_STRIP = NO;
				DEBUG_INFORMATION_FORMAT = dwarf;
				ENABLE_STRICT_OBJC_MSGSEND = YES;
				ENABLE_TESTABILITY = YES;
				ENABLE_USER_SCRIPT_SANDBOXING = YES;
				GCC_C_LANGUAGE_STANDARD = gnu17;
				GCC_DYNAMIC_NO_PIC = NO;
				GCC_NO_COMMON_BLOCKS = YES;
				GCC_OPTIMIZATION_LEVEL = 0;
				GCC_PREPROCESSOR_DEFINITIONS = (
					"DEBUG=1",
					"$(inherited)",
				);
				GCC_WARN_64_TO_32_BIT_CONVERSION = YES;
				GCC_WARN_ABOUT_RETURN_TYPE = YES_ERROR;
				GCC_WARN_UNDECLARED_SELECTOR = YES;
				GCC_WARN_UNINITIALIZED_AUTOS = YES_AGGRESSIVE;
				GCC_WARN_UNUSED_FUNCTION = YES;
				GCC_WARN_UNUSED_VARIABLE = YES;
				IPHONEOS_DEPLOYMENT_TARGET = 17.2;
				LOCALIZATION_PREFERS_STRING_CATALOGS = YES;
				MTL_ENABLE_DEBUG_INFO = INCLUDE_SOURCE;
				MTL_FAST_MATH = YES;
				ONLY_ACTIVE_ARCH = YES;
				SDKROOT = iphoneos;
				SWIFT_ACTIVE_COMPILATION_CONDITIONS = "DEBUG $(inherited)";
				SWIFT_OPTIMIZATION_LEVEL = "-Onone";
			};
			name = Debug;
		};
		B13055522B6D946D00E89745 /* Release */ = {
			isa = XCBuildConfiguration;
			buildSettings = {
				ALWAYS_SEARCH_USER_PATHS = NO;
				ASSETCATALOG_COMPILER_GENERATE_SWIFT_ASSET_SYMBOL_EXTENSIONS = YES;
				CLANG_ANALYZER_NONNULL = YES;
				CLANG_ANALYZER_NUMBER_OBJECT_CONVERSION = YES_AGGRESSIVE;
				CLANG_CXX_LANGUAGE_STANDARD = "gnu++20";
				CLANG_ENABLE_MODULES = YES;
				CLANG_ENABLE_OBJC_ARC = YES;
				CLANG_ENABLE_OBJC_WEAK = YES;
				CLANG_WARN_BLOCK_CAPTURE_AUTORELEASING = YES;
				CLANG_WARN_BOOL_CONVERSION = YES;
				CLANG_WARN_COMMA = YES;
				CLANG_WARN_CONSTANT_CONVERSION = YES;
				CLANG_WARN_DEPRECATED_OBJC_IMPLEMENTATIONS = YES;
				CLANG_WARN_DIRECT_OBJC_ISA_USAGE = YES_ERROR;
				CLANG_WARN_DOCUMENTATION_COMMENTS = YES;
				CLANG_WARN_EMPTY_BODY = YES;
				CLANG_WARN_ENUM_CONVERSION = YES;
				CLANG_WARN_INFINITE_RECURSION = YES;
				CLANG_WARN_INT_CONVERSION = YES;
				CLANG_WARN_NON_LITERAL_NULL_CONVERSION = YES;
				CLANG_WARN_OBJC_IMPLICIT_RETAIN_SELF = YES;
				CLANG_WARN_OBJC_LITERAL_CONVERSION = YES;
				CLANG_WARN_OBJC_ROOT_CLASS = YES_ERROR;
				CLANG_WARN_QUOTED_INCLUDE_IN_FRAMEWORK_HEADER = YES;
				CLANG_WARN_RANGE_LOOP_ANALYSIS = YES;
				CLANG_WARN_STRICT_PROTOTYPES = YES;
				CLANG_WARN_SUSPICIOUS_MOVE = YES;
				CLANG_WARN_UNGUARDED_AVAILABILITY = YES_AGGRESSIVE;
				CLANG_WARN_UNREACHABLE_CODE = YES;
				CLANG_WARN__DUPLICATE_METHOD_MATCH = YES;
				COPY_PHASE_STRIP = NO;
				DEBUG_INFORMATION_FORMAT = "dwarf-with-dsym";
				ENABLE_NS_ASSERTIONS = NO;
				ENABLE_STRICT_OBJC_MSGSEND = YES;
				ENABLE_USER_SCRIPT_SANDBOXING = YES;
				GCC_C_LANGUAGE_STANDARD = gnu17;
				GCC_NO_COMMON_BLOCKS = YES;
				GCC_WARN_64_TO_32_BIT_CONVERSION = YES;
				GCC_WARN_ABOUT_RETURN_TYPE = YES_ERROR;
				GCC_WARN_UNDECLARED_SELECTOR = YES;
				GCC_WARN_UNINITIALIZED_AUTOS = YES_AGGRESSIVE;
				GCC_WARN_UNUSED_FUNCTION = YES;
				GCC_WARN_UNUSED_VARIABLE = YES;
				IPHONEOS_DEPLOYMENT_TARGET = 17.2;
				LOCALIZATION_PREFERS_STRING_CATALOGS = YES;
				MTL_ENABLE_DEBUG_INFO = NO;
				MTL_FAST_MATH = YES;
				SDKROOT = iphoneos;
				SWIFT_COMPILATION_MODE = wholemodule;
				VALIDATE_PRODUCT = YES;
			};
			name = Release;
		};
		B13055542B6D946D00E89745 /* Debug */ = {
			isa = XCBuildConfiguration;
			buildSettings = {
				ASSETCATALOG_COMPILER_APPICON_NAME = AppIcon;
				ASSETCATALOG_COMPILER_GLOBAL_ACCENT_COLOR_NAME = AccentColor;
				CODE_SIGN_STYLE = Automatic;
				CURRENT_PROJECT_VERSION = 1;
				DEVELOPMENT_TEAM = QQ4V82589Y;
				GENERATE_INFOPLIST_FILE = YES;
				INFOPLIST_FILE = CryptoApp/Config/Info.plist;
				INFOPLIST_KEY_UIApplicationSupportsIndirectInputEvents = YES;
				INFOPLIST_KEY_UILaunchStoryboardName = LaunchScreen;
				INFOPLIST_KEY_UISupportedInterfaceOrientations = UIInterfaceOrientationPortrait;
				INFOPLIST_KEY_UISupportedInterfaceOrientations_iPad = "UIInterfaceOrientationPortrait UIInterfaceOrientationPortraitUpsideDown";
				IPHONEOS_DEPLOYMENT_TARGET = 15.0;
				LD_RUNPATH_SEARCH_PATHS = (
					"$(inherited)",
					"@executable_path/Frameworks",
				);
				MARKETING_VERSION = 1.0;
				PRODUCT_BUNDLE_IDENTIFIER = com.berkaysancar.CryptoApp;
				PRODUCT_NAME = "$(TARGET_NAME)";
				SUPPORTED_PLATFORMS = "iphoneos iphonesimulator";
				SUPPORTS_MACCATALYST = NO;
				SUPPORTS_MAC_DESIGNED_FOR_IPHONE_IPAD = NO;
				SUPPORTS_XR_DESIGNED_FOR_IPHONE_IPAD = NO;
				SWIFT_EMIT_LOC_STRINGS = YES;
				SWIFT_VERSION = 5.0;
				TARGETED_DEVICE_FAMILY = "1,2";
			};
			name = Debug;
		};
		B13055552B6D946D00E89745 /* Release */ = {
			isa = XCBuildConfiguration;
			buildSettings = {
				ASSETCATALOG_COMPILER_APPICON_NAME = AppIcon;
				ASSETCATALOG_COMPILER_GLOBAL_ACCENT_COLOR_NAME = AccentColor;
				CODE_SIGN_STYLE = Automatic;
				CURRENT_PROJECT_VERSION = 1;
				DEVELOPMENT_TEAM = QQ4V82589Y;
				GENERATE_INFOPLIST_FILE = YES;
				INFOPLIST_FILE = CryptoApp/Config/Info.plist;
				INFOPLIST_KEY_UIApplicationSupportsIndirectInputEvents = YES;
				INFOPLIST_KEY_UILaunchStoryboardName = LaunchScreen;
				INFOPLIST_KEY_UISupportedInterfaceOrientations = UIInterfaceOrientationPortrait;
				INFOPLIST_KEY_UISupportedInterfaceOrientations_iPad = "UIInterfaceOrientationPortrait UIInterfaceOrientationPortraitUpsideDown";
				IPHONEOS_DEPLOYMENT_TARGET = 15.0;
				LD_RUNPATH_SEARCH_PATHS = (
					"$(inherited)",
					"@executable_path/Frameworks",
				);
				MARKETING_VERSION = 1.0;
				PRODUCT_BUNDLE_IDENTIFIER = com.berkaysancar.CryptoApp;
				PRODUCT_NAME = "$(TARGET_NAME)";
				SUPPORTED_PLATFORMS = "iphoneos iphonesimulator";
				SUPPORTS_MACCATALYST = NO;
				SUPPORTS_MAC_DESIGNED_FOR_IPHONE_IPAD = NO;
				SUPPORTS_XR_DESIGNED_FOR_IPHONE_IPAD = NO;
				SWIFT_EMIT_LOC_STRINGS = YES;
				SWIFT_VERSION = 5.0;
				TARGETED_DEVICE_FAMILY = "1,2";
			};
			name = Release;
		};
/* End XCBuildConfiguration section */

/* Begin XCConfigurationList section */
		B130553A2B6D946C00E89745 /* Build configuration list for PBXProject "CryptoApp" */ = {
			isa = XCConfigurationList;
			buildConfigurations = (
				B13055512B6D946D00E89745 /* Debug */,
				B13055522B6D946D00E89745 /* Release */,
			);
			defaultConfigurationIsVisible = 0;
			defaultConfigurationName = Release;
		};
		B13055532B6D946D00E89745 /* Build configuration list for PBXNativeTarget "CryptoApp" */ = {
			isa = XCConfigurationList;
			buildConfigurations = (
				B13055542B6D946D00E89745 /* Debug */,
				B13055552B6D946D00E89745 /* Release */,
			);
			defaultConfigurationIsVisible = 0;
			defaultConfigurationName = Release;
		};
/* End XCConfigurationList section */
	};
	rootObject = B13055372B6D946C00E89745 /* Project object */;
}
